// !$*UTF8*$!
{
	archiveVersion = 1;
	classes = {
	};
	objectVersion = 77;
	objects = {

/* Begin PBXBuildFile section */
		26F895D82DA4A1BC00FDD3B4 /* BarBuddy2.xcdatamodeld in Sources */ = {isa = PBXBuildFile; fileRef = 26F895D62DA4A1BC00FDD3B4 /* BarBuddy2.xcdatamodeld */; };
/* End PBXBuildFile section */

/* Begin PBXContainerItemProxy section */
		263D10222D8E3435003D370E /* PBXContainerItemProxy */ = {
			isa = PBXContainerItemProxy;
			containerPortal = 263D10092D8E3433003D370E /* Project object */;
			proxyType = 1;
			remoteGlobalIDString = 263D10102D8E3433003D370E;
			remoteInfo = BarBuddy;
		};
		263D102C2D8E3435003D370E /* PBXContainerItemProxy */ = {
			isa = PBXContainerItemProxy;
			containerPortal = 263D10092D8E3433003D370E /* Project object */;
			proxyType = 1;
			remoteGlobalIDString = 263D10102D8E3433003D370E;
			remoteInfo = BarBuddy;
		};
/* End PBXContainerItemProxy section */

/* Begin PBXCopyFilesBuildPhase section */
		261A85AE2D8F3353000ADA24 /* Embed Watch Content */ = {
			isa = PBXCopyFilesBuildPhase;
			buildActionMask = 2147483647;
			dstPath = "$(CONTENTS_FOLDER_PATH)/Watch";
			dstSubfolderSpec = 16;
			files = (
			);
			name = "Embed Watch Content";
			runOnlyForDeploymentPostprocessing = 0;
		};
/* End PBXCopyFilesBuildPhase section */

/* Begin PBXFileReference section */
		263D10112D8E3433003D370E /* BarBuddy2.app */ = {isa = PBXFileReference; explicitFileType = wrapper.application; includeInIndex = 0; path = BarBuddy2.app; sourceTree = BUILT_PRODUCTS_DIR; };
		263D10212D8E3435003D370E /* BarBuddy2Tests.xctest */ = {isa = PBXFileReference; explicitFileType = wrapper.cfbundle; includeInIndex = 0; path = BarBuddy2Tests.xctest; sourceTree = BUILT_PRODUCTS_DIR; };
		263D102B2D8E3435003D370E /* BarBuddy2UITests.xctest */ = {isa = PBXFileReference; explicitFileType = wrapper.cfbundle; includeInIndex = 0; path = BarBuddy2UITests.xctest; sourceTree = BUILT_PRODUCTS_DIR; };
		26F895D72DA4A1BC00FDD3B4 /* BarBuddy2.xcdatamodel */ = {isa = PBXFileReference; lastKnownFileType = wrapper.xcdatamodel; path = BarBuddy2.xcdatamodel; sourceTree = "<group>"; };
/* End PBXFileReference section */

/* Begin PBXFileSystemSynchronizedBuildFileExceptionSet section */
		26F895D52DA49E2C00FDD3B4 /* Exceptions for "BarBuddy2" folder in "BarBuddy2" target */ = {
			isa = PBXFileSystemSynchronizedBuildFileExceptionSet;
			membershipExceptions = (
				Info.plist,
			);
			target = 263D10102D8E3433003D370E /* BarBuddy2 */;
		};
/* End PBXFileSystemSynchronizedBuildFileExceptionSet section */

/* Begin PBXFileSystemSynchronizedRootGroup section */
		263D10132D8E3433003D370E /* BarBuddy2 */ = {
			isa = PBXFileSystemSynchronizedRootGroup;
			exceptions = (
				26F895D52DA49E2C00FDD3B4 /* Exceptions for "BarBuddy2" folder in "BarBuddy2" target */,
			);
			path = BarBuddy2;
			sourceTree = "<group>";
		};
		263D10242D8E3435003D370E /* BarBuddy2Tests */ = {
			isa = PBXFileSystemSynchronizedRootGroup;
			path = BarBuddy2Tests;
			sourceTree = "<group>";
		};
		263D102E2D8E3435003D370E /* BarBuddy2UITests */ = {
			isa = PBXFileSystemSynchronizedRootGroup;
			path = BarBuddy2UITests;
			sourceTree = "<group>";
		};
/* End PBXFileSystemSynchronizedRootGroup section */

/* Begin PBXFrameworksBuildPhase section */
		263D100E2D8E3433003D370E /* Frameworks */ = {
			isa = PBXFrameworksBuildPhase;
			buildActionMask = 2147483647;
			files = (
			);
			runOnlyForDeploymentPostprocessing = 0;
		};
		263D101E2D8E3435003D370E /* Frameworks */ = {
			isa = PBXFrameworksBuildPhase;
			buildActionMask = 2147483647;
			files = (
			);
			runOnlyForDeploymentPostprocessing = 0;
		};
		263D10282D8E3435003D370E /* Frameworks */ = {
			isa = PBXFrameworksBuildPhase;
			buildActionMask = 2147483647;
			files = (
			);
			runOnlyForDeploymentPostprocessing = 0;
		};
/* End PBXFrameworksBuildPhase section */

/* Begin PBXGroup section */
		263D10082D8E3433003D370E = {
			isa = PBXGroup;
			children = (
				26F895D62DA4A1BC00FDD3B4 /* BarBuddy2.xcdatamodeld */,
				263D10132D8E3433003D370E /* BarBuddy2 */,
				263D10242D8E3435003D370E /* BarBuddy2Tests */,
				263D102E2D8E3435003D370E /* BarBuddy2UITests */,
				263D10122D8E3433003D370E /* Products */,
			);
			sourceTree = "<group>";
		};
		263D10122D8E3433003D370E /* Products */ = {
			isa = PBXGroup;
			children = (
				263D10112D8E3433003D370E /* BarBuddy2.app */,
				263D10212D8E3435003D370E /* BarBuddy2Tests.xctest */,
				263D102B2D8E3435003D370E /* BarBuddy2UITests.xctest */,
			);
			name = Products;
			sourceTree = "<group>";
		};
/* End PBXGroup section */

/* Begin PBXNativeTarget section */
		263D10102D8E3433003D370E /* BarBuddy2 */ = {
			isa = PBXNativeTarget;
			buildConfigurationList = 263D10352D8E3435003D370E /* Build configuration list for PBXNativeTarget "BarBuddy2" */;
			buildPhases = (
				263D100D2D8E3433003D370E /* Sources */,
				263D100E2D8E3433003D370E /* Frameworks */,
				263D100F2D8E3433003D370E /* Resources */,
				261A85AE2D8F3353000ADA24 /* Embed Watch Content */,
			);
			buildRules = (
			);
			dependencies = (
			);
			fileSystemSynchronizedGroups = (
				263D10132D8E3433003D370E /* BarBuddy2 */,
			);
			name = BarBuddy2;
			packageProductDependencies = (
			);
			productName = BarBuddy;
			productReference = 263D10112D8E3433003D370E /* BarBuddy2.app */;
			productType = "com.apple.product-type.application";
		};
		263D10202D8E3435003D370E /* BarBuddy2Tests */ = {
			isa = PBXNativeTarget;
			buildConfigurationList = 263D10382D8E3435003D370E /* Build configuration list for PBXNativeTarget "BarBuddy2Tests" */;
			buildPhases = (
				263D101D2D8E3435003D370E /* Sources */,
				263D101E2D8E3435003D370E /* Frameworks */,
				263D101F2D8E3435003D370E /* Resources */,
			);
			buildRules = (
			);
			dependencies = (
				263D10232D8E3435003D370E /* PBXTargetDependency */,
			);
			fileSystemSynchronizedGroups = (
				263D10242D8E3435003D370E /* BarBuddy2Tests */,
			);
			name = BarBuddy2Tests;
			packageProductDependencies = (
			);
			productName = BarBuddyTests;
			productReference = 263D10212D8E3435003D370E /* BarBuddy2Tests.xctest */;
			productType = "com.apple.product-type.bundle.unit-test";
		};
		263D102A2D8E3435003D370E /* BarBuddy2UITests */ = {
			isa = PBXNativeTarget;
			buildConfigurationList = 263D103B2D8E3435003D370E /* Build configuration list for PBXNativeTarget "BarBuddy2UITests" */;
			buildPhases = (
				263D10272D8E3435003D370E /* Sources */,
				263D10282D8E3435003D370E /* Frameworks */,
				263D10292D8E3435003D370E /* Resources */,
			);
			buildRules = (
			);
			dependencies = (
				263D102D2D8E3435003D370E /* PBXTargetDependency */,
			);
			fileSystemSynchronizedGroups = (
				263D102E2D8E3435003D370E /* BarBuddy2UITests */,
			);
			name = BarBuddy2UITests;
			packageProductDependencies = (
			);
			productName = BarBuddyUITests;
			productReference = 263D102B2D8E3435003D370E /* BarBuddy2UITests.xctest */;
			productType = "com.apple.product-type.bundle.ui-testing";
		};
/* End PBXNativeTarget section */

/* Begin PBXProject section */
		263D10092D8E3433003D370E /* Project object */ = {
			isa = PBXProject;
			attributes = {
				BuildIndependentTargetsInParallel = 1;
				LastSwiftUpdateCheck = 1620;
				LastUpgradeCheck = 1620;
				TargetAttributes = {
					263D10102D8E3433003D370E = {
						CreatedOnToolsVersion = 16.2;
					};
					263D10202D8E3435003D370E = {
						CreatedOnToolsVersion = 16.2;
						TestTargetID = 263D10102D8E3433003D370E;
					};
					263D102A2D8E3435003D370E = {
						CreatedOnToolsVersion = 16.2;
						TestTargetID = 263D10102D8E3433003D370E;
					};
				};
			};
			buildConfigurationList = 263D100C2D8E3433003D370E /* Build configuration list for PBXProject "BarBuddy2" */;
			developmentRegion = en;
			hasScannedForEncodings = 0;
			knownRegions = (
				en,
				Base,
			);
			mainGroup = 263D10082D8E3433003D370E;
			minimizedProjectReferenceProxies = 1;
			preferredProjectObjectVersion = 77;
			productRefGroup = 263D10122D8E3433003D370E /* Products */;
			projectDirPath = "";
			projectRoot = "";
			targets = (
				263D10102D8E3433003D370E /* BarBuddy2 */,
				263D10202D8E3435003D370E /* BarBuddy2Tests */,
				263D102A2D8E3435003D370E /* BarBuddy2UITests */,
			);
		};
/* End PBXProject section */

/* Begin PBXResourcesBuildPhase section */
		263D100F2D8E3433003D370E /* Resources */ = {
			isa = PBXResourcesBuildPhase;
			buildActionMask = 2147483647;
			files = (
			);
			runOnlyForDeploymentPostprocessing = 0;
		};
		263D101F2D8E3435003D370E /* Resources */ = {
			isa = PBXResourcesBuildPhase;
			buildActionMask = 2147483647;
			files = (
			);
			runOnlyForDeploymentPostprocessing = 0;
		};
		263D10292D8E3435003D370E /* Resources */ = {
			isa = PBXResourcesBuildPhase;
			buildActionMask = 2147483647;
			files = (
			);
			runOnlyForDeploymentPostprocessing = 0;
		};
/* End PBXResourcesBuildPhase section */

/* Begin PBXSourcesBuildPhase section */
		263D100D2D8E3433003D370E /* Sources */ = {
			isa = PBXSourcesBuildPhase;
			buildActionMask = 2147483647;
			files = (
				26F895D82DA4A1BC00FDD3B4 /* BarBuddy2.xcdatamodeld in Sources */,
			);
			runOnlyForDeploymentPostprocessing = 0;
		};
		263D101D2D8E3435003D370E /* Sources */ = {
			isa = PBXSourcesBuildPhase;
			buildActionMask = 2147483647;
			files = (
			);
			runOnlyForDeploymentPostprocessing = 0;
		};
		263D10272D8E3435003D370E /* Sources */ = {
			isa = PBXSourcesBuildPhase;
			buildActionMask = 2147483647;
			files = (
			);
			runOnlyForDeploymentPostprocessing = 0;
		};
/* End PBXSourcesBuildPhase section */

/* Begin PBXTargetDependency section */
		263D10232D8E3435003D370E /* PBXTargetDependency */ = {
			isa = PBXTargetDependency;
			target = 263D10102D8E3433003D370E /* BarBuddy2 */;
			targetProxy = 263D10222D8E3435003D370E /* PBXContainerItemProxy */;
		};
		263D102D2D8E3435003D370E /* PBXTargetDependency */ = {
			isa = PBXTargetDependency;
			target = 263D10102D8E3433003D370E /* BarBuddy2 */;
			targetProxy = 263D102C2D8E3435003D370E /* PBXContainerItemProxy */;
		};
/* End PBXTargetDependency section */

/* Begin XCBuildConfiguration section */
		263D10332D8E3435003D370E /* Debug */ = {
			isa = XCBuildConfiguration;
			buildSettings = {
				ALWAYS_SEARCH_USER_PATHS = NO;
				ASSETCATALOG_COMPILER_GENERATE_SWIFT_ASSET_SYMBOL_EXTENSIONS = YES;
				CLANG_ANALYZER_NONNULL = YES;
				CLANG_ANALYZER_NUMBER_OBJECT_CONVERSION = YES_AGGRESSIVE;
				CLANG_CXX_LANGUAGE_STANDARD = "gnu++20";
				CLANG_ENABLE_MODULES = YES;
				CLANG_ENABLE_OBJC_ARC = YES;
				CLANG_ENABLE_OBJC_WEAK = YES;
				CLANG_WARN_BLOCK_CAPTURE_AUTORELEASING = YES;
				CLANG_WARN_BOOL_CONVERSION = YES;
				CLANG_WARN_COMMA = YES;
				CLANG_WARN_CONSTANT_CONVERSION = YES;
				CLANG_WARN_DEPRECATED_OBJC_IMPLEMENTATIONS = YES;
				CLANG_WARN_DIRECT_OBJC_ISA_USAGE = YES_ERROR;
				CLANG_WARN_DOCUMENTATION_COMMENTS = YES;
				CLANG_WARN_EMPTY_BODY = YES;
				CLANG_WARN_ENUM_CONVERSION = YES;
				CLANG_WARN_INFINITE_RECURSION = YES;
				CLANG_WARN_INT_CONVERSION = YES;
				CLANG_WARN_NON_LITERAL_NULL_CONVERSION = YES;
				CLANG_WARN_OBJC_IMPLICIT_RETAIN_SELF = YES;
				CLANG_WARN_OBJC_LITERAL_CONVERSION = YES;
				CLANG_WARN_OBJC_ROOT_CLASS = YES_ERROR;
				CLANG_WARN_QUOTED_INCLUDE_IN_FRAMEWORK_HEADER = YES;
				CLANG_WARN_RANGE_LOOP_ANALYSIS = YES;
				CLANG_WARN_STRICT_PROTOTYPES = YES;
				CLANG_WARN_SUSPICIOUS_MOVE = YES;
				CLANG_WARN_UNGUARDED_AVAILABILITY = YES_AGGRESSIVE;
				CLANG_WARN_UNREACHABLE_CODE = YES;
				CLANG_WARN__DUPLICATE_METHOD_MATCH = YES;
				COPY_PHASE_STRIP = NO;
				DEBUG_INFORMATION_FORMAT = dwarf;
				ENABLE_STRICT_OBJC_MSGSEND = YES;
				ENABLE_TESTABILITY = YES;
				ENABLE_USER_SCRIPT_SANDBOXING = YES;
				GCC_C_LANGUAGE_STANDARD = gnu17;
				GCC_DYNAMIC_NO_PIC = NO;
				GCC_NO_COMMON_BLOCKS = YES;
				GCC_OPTIMIZATION_LEVEL = 0;
				GCC_PREPROCESSOR_DEFINITIONS = (
					"DEBUG=1",
					"$(inherited)",
				);
				GCC_WARN_64_TO_32_BIT_CONVERSION = YES;
				GCC_WARN_ABOUT_RETURN_TYPE = YES_ERROR;
				GCC_WARN_UNDECLARED_SELECTOR = YES;
				GCC_WARN_UNINITIALIZED_AUTOS = YES_AGGRESSIVE;
				GCC_WARN_UNUSED_FUNCTION = YES;
				GCC_WARN_UNUSED_VARIABLE = YES;
				IPHONEOS_DEPLOYMENT_TARGET = 18.2;
				LOCALIZATION_PREFERS_STRING_CATALOGS = YES;
				MTL_ENABLE_DEBUG_INFO = INCLUDE_SOURCE;
				MTL_FAST_MATH = YES;
				ONLY_ACTIVE_ARCH = YES;
				SDKROOT = iphoneos;
				SWIFT_ACTIVE_COMPILATION_CONDITIONS = "DEBUG $(inherited)";
				SWIFT_OPTIMIZATION_LEVEL = "-Onone";
			};
			name = Debug;
		};
		263D10342D8E3435003D370E /* Release */ = {
			isa = XCBuildConfiguration;
			buildSettings = {
				ALWAYS_SEARCH_USER_PATHS = NO;
				ASSETCATALOG_COMPILER_GENERATE_SWIFT_ASSET_SYMBOL_EXTENSIONS = YES;
				CLANG_ANALYZER_NONNULL = YES;
				CLANG_ANALYZER_NUMBER_OBJECT_CONVERSION = YES_AGGRESSIVE;
				CLANG_CXX_LANGUAGE_STANDARD = "gnu++20";
				CLANG_ENABLE_MODULES = YES;
				CLANG_ENABLE_OBJC_ARC = YES;
				CLANG_ENABLE_OBJC_WEAK = YES;
				CLANG_WARN_BLOCK_CAPTURE_AUTORELEASING = YES;
				CLANG_WARN_BOOL_CONVERSION = YES;
				CLANG_WARN_COMMA = YES;
				CLANG_WARN_CONSTANT_CONVERSION = YES;
				CLANG_WARN_DEPRECATED_OBJC_IMPLEMENTATIONS = YES;
				CLANG_WARN_DIRECT_OBJC_ISA_USAGE = YES_ERROR;
				CLANG_WARN_DOCUMENTATION_COMMENTS = YES;
				CLANG_WARN_EMPTY_BODY = YES;
				CLANG_WARN_ENUM_CONVERSION = YES;
				CLANG_WARN_INFINITE_RECURSION = YES;
				CLANG_WARN_INT_CONVERSION = YES;
				CLANG_WARN_NON_LITERAL_NULL_CONVERSION = YES;
				CLANG_WARN_OBJC_IMPLICIT_RETAIN_SELF = YES;
				CLANG_WARN_OBJC_LITERAL_CONVERSION = YES;
				CLANG_WARN_OBJC_ROOT_CLASS = YES_ERROR;
				CLANG_WARN_QUOTED_INCLUDE_IN_FRAMEWORK_HEADER = YES;
				CLANG_WARN_RANGE_LOOP_ANALYSIS = YES;
				CLANG_WARN_STRICT_PROTOTYPES = YES;
				CLANG_WARN_SUSPICIOUS_MOVE = YES;
				CLANG_WARN_UNGUARDED_AVAILABILITY = YES_AGGRESSIVE;
				CLANG_WARN_UNREACHABLE_CODE = YES;
				CLANG_WARN__DUPLICATE_METHOD_MATCH = YES;
				COPY_PHASE_STRIP = NO;
				DEBUG_INFORMATION_FORMAT = "dwarf-with-dsym";
				ENABLE_NS_ASSERTIONS = NO;
				ENABLE_STRICT_OBJC_MSGSEND = YES;
				ENABLE_USER_SCRIPT_SANDBOXING = YES;
				GCC_C_LANGUAGE_STANDARD = gnu17;
				GCC_NO_COMMON_BLOCKS = YES;
				GCC_WARN_64_TO_32_BIT_CONVERSION = YES;
				GCC_WARN_ABOUT_RETURN_TYPE = YES_ERROR;
				GCC_WARN_UNDECLARED_SELECTOR = YES;
				GCC_WARN_UNINITIALIZED_AUTOS = YES_AGGRESSIVE;
				GCC_WARN_UNUSED_FUNCTION = YES;
				GCC_WARN_UNUSED_VARIABLE = YES;
				IPHONEOS_DEPLOYMENT_TARGET = 18.2;
				LOCALIZATION_PREFERS_STRING_CATALOGS = YES;
				MTL_ENABLE_DEBUG_INFO = NO;
				MTL_FAST_MATH = YES;
				SDKROOT = iphoneos;
				SWIFT_COMPILATION_MODE = wholemodule;
				VALIDATE_PRODUCT = YES;
			};
			name = Release;
		};
		263D10362D8E3435003D370E /* Debug */ = {
			isa = XCBuildConfiguration;
			buildSettings = {
				ASSETCATALOG_COMPILER_APPICON_NAME = AppIcon;
				ASSETCATALOG_COMPILER_GLOBAL_ACCENT_COLOR_NAME = AccentColor;
				CODE_SIGN_STYLE = Automatic;
				CURRENT_PROJECT_VERSION = 1;
				DEVELOPMENT_ASSET_PATHS = "\"BarBuddy2/Preview Content\"";
				DEVELOPMENT_TEAM = UQNHPS9NWL;
				ENABLE_PREVIEWS = YES;
				GENERATE_INFOPLIST_FILE = YES;
				INFOPLIST_FILE = BarBuddy2/Info.plist;
				INFOPLIST_KEY_LSApplicationCategoryType = "public.app-category.healthcare-fitness";
				INFOPLIST_KEY_NSLocationWhenInUseUsageDescription = "BarBuddy2 uses your location to share with emergency contacts when you choose to do so, and to help you find nearby ride services.";
				INFOPLIST_KEY_UIApplicationSceneManifest_Generation = YES;
				INFOPLIST_KEY_UIApplicationSupportsIndirectInputEvents = YES;
				INFOPLIST_KEY_UILaunchScreen_Generation = YES;
				INFOPLIST_KEY_UISupportedInterfaceOrientations = "UIInterfaceOrientationLandscapeLeft UIInterfaceOrientationLandscapeRight UIInterfaceOrientationPortrait";
				INFOPLIST_KEY_UISupportedInterfaceOrientations_iPad = "UIInterfaceOrientationLandscapeLeft UIInterfaceOrientationLandscapeRight UIInterfaceOrientationPortrait UIInterfaceOrientationPortraitUpsideDown";
				LD_RUNPATH_SEARCH_PATHS = (
					"$(inherited)",
					"@executable_path/Frameworks",
				);
				MARKETING_VERSION = 1.0;
				PRODUCT_BUNDLE_IDENTIFIER = rodriguez.travis.BarBuddy2;
				PRODUCT_NAME = BarBuddy2;
				SWIFT_EMIT_LOC_STRINGS = YES;
				SWIFT_VERSION = 5.0;
				TARGETED_DEVICE_FAMILY = "1,2";
			};
			name = Debug;
		};
		263D10372D8E3435003D370E /* Release */ = {
			isa = XCBuildConfiguration;
			buildSettings = {
				ASSETCATALOG_COMPILER_APPICON_NAME = AppIcon;
				ASSETCATALOG_COMPILER_GLOBAL_ACCENT_COLOR_NAME = AccentColor;
				CODE_SIGN_STYLE = Automatic;
				CURRENT_PROJECT_VERSION = 1;
				DEVELOPMENT_ASSET_PATHS = "\"BarBuddy2/Preview Content\"";
				DEVELOPMENT_TEAM = UQNHPS9NWL;
				ENABLE_PREVIEWS = YES;
				GENERATE_INFOPLIST_FILE = YES;
				INFOPLIST_FILE = BarBuddy2/Info.plist;
				INFOPLIST_KEY_LSApplicationCategoryType = "public.app-category.healthcare-fitness";
				INFOPLIST_KEY_NSLocationWhenInUseUsageDescription = "BarBuddy2 uses your location to share with emergency contacts when you choose to do so, and to help you find nearby ride services.";
				INFOPLIST_KEY_UIApplicationSceneManifest_Generation = YES;
				INFOPLIST_KEY_UIApplicationSupportsIndirectInputEvents = YES;
				INFOPLIST_KEY_UILaunchScreen_Generation = YES;
				INFOPLIST_KEY_UISupportedInterfaceOrientations = "UIInterfaceOrientationLandscapeLeft UIInterfaceOrientationLandscapeRight UIInterfaceOrientationPortrait";
				INFOPLIST_KEY_UISupportedInterfaceOrientations_iPad = "UIInterfaceOrientationLandscapeLeft UIInterfaceOrientationLandscapeRight UIInterfaceOrientationPortrait UIInterfaceOrientationPortraitUpsideDown";
				LD_RUNPATH_SEARCH_PATHS = (
					"$(inherited)",
					"@executable_path/Frameworks",
				);
				MARKETING_VERSION = 1.0;
				PRODUCT_BUNDLE_IDENTIFIER = rodriguez.travis.BarBuddy2;
				PRODUCT_NAME = BarBuddy2;
				SWIFT_EMIT_LOC_STRINGS = YES;
				SWIFT_VERSION = 5.0;
				TARGETED_DEVICE_FAMILY = "1,2";
			};
			name = Release;
		};
		263D10392D8E3435003D370E /* Debug */ = {
			isa = XCBuildConfiguration;
			buildSettings = {
				BUNDLE_LOADER = "$(TEST_HOST)";
				CODE_SIGN_STYLE = Automatic;
				CURRENT_PROJECT_VERSION = 1;
				DEVELOPMENT_TEAM = UQNHPS9NWL;
				GENERATE_INFOPLIST_FILE = YES;
				IPHONEOS_DEPLOYMENT_TARGET = 18.2;
				MARKETING_VERSION = 1.0;
				PRODUCT_BUNDLE_IDENTIFIER = rodriguez.travis.BarBuddy2Tests;
				PRODUCT_NAME = "$(TARGET_NAME)";
				SWIFT_EMIT_LOC_STRINGS = NO;
				SWIFT_VERSION = 5.0;
				TARGETED_DEVICE_FAMILY = "1,2";
				TEST_HOST = "$(BUILT_PRODUCTS_DIR)/BarBuddy.app/$(BUNDLE_EXECUTABLE_FOLDER_PATH)/BarBuddy";
			};
			name = Debug;
		};
		263D103A2D8E3435003D370E /* Release */ = {
			isa = XCBuildConfiguration;
			buildSettings = {
				BUNDLE_LOADER = "$(TEST_HOST)";
				CODE_SIGN_STYLE = Automatic;
				CURRENT_PROJECT_VERSION = 1;
				DEVELOPMENT_TEAM = UQNHPS9NWL;
				GENERATE_INFOPLIST_FILE = YES;
				IPHONEOS_DEPLOYMENT_TARGET = 18.2;
				MARKETING_VERSION = 1.0;
				PRODUCT_BUNDLE_IDENTIFIER = rodriguez.travis.BarBuddy2Tests;
				PRODUCT_NAME = "$(TARGET_NAME)";
				SWIFT_EMIT_LOC_STRINGS = NO;
				SWIFT_VERSION = 5.0;
				TARGETED_DEVICE_FAMILY = "1,2";
				TEST_HOST = "$(BUILT_PRODUCTS_DIR)/BarBuddy.app/$(BUNDLE_EXECUTABLE_FOLDER_PATH)/BarBuddy";
			};
			name = Release;
		};
		263D103C2D8E3435003D370E /* Debug */ = {
			isa = XCBuildConfiguration;
			buildSettings = {
				CODE_SIGN_STYLE = Automatic;
				CURRENT_PROJECT_VERSION = 1;
				DEVELOPMENT_TEAM = UQNHPS9NWL;
				GENERATE_INFOPLIST_FILE = YES;
				MARKETING_VERSION = 1.0;
				PRODUCT_BUNDLE_IDENTIFIER = rodriguez.travis.BarBuddy2UITests;
				PRODUCT_NAME = "$(TARGET_NAME)";
				SWIFT_EMIT_LOC_STRINGS = NO;
				SWIFT_VERSION = 5.0;
				TARGETED_DEVICE_FAMILY = "1,2";
				TEST_TARGET_NAME = BarBuddy;
			};
			name = Debug;
		};
		263D103D2D8E3435003D370E /* Release */ = {
			isa = XCBuildConfiguration;
			buildSettings = {
				CODE_SIGN_STYLE = Automatic;
				CURRENT_PROJECT_VERSION = 1;
				DEVELOPMENT_TEAM = UQNHPS9NWL;
				GENERATE_INFOPLIST_FILE = YES;
				MARKETING_VERSION = 1.0;
				PRODUCT_BUNDLE_IDENTIFIER = rodriguez.travis.BarBuddy2UITests;
				PRODUCT_NAME = "$(TARGET_NAME)";
				SWIFT_EMIT_LOC_STRINGS = NO;
				SWIFT_VERSION = 5.0;
				TARGETED_DEVICE_FAMILY = "1,2";
				TEST_TARGET_NAME = BarBuddy;
			};
			name = Release;
		};
/* End XCBuildConfiguration section */

/* Begin XCConfigurationList section */
		263D100C2D8E3433003D370E /* Build configuration list for PBXProject "BarBuddy2" */ = {
			isa = XCConfigurationList;
			buildConfigurations = (
				263D10332D8E3435003D370E /* Debug */,
				263D10342D8E3435003D370E /* Release */,
			);
			defaultConfigurationIsVisible = 0;
			defaultConfigurationName = Release;
		};
		263D10352D8E3435003D370E /* Build configuration list for PBXNativeTarget "BarBuddy2" */ = {
			isa = XCConfigurationList;
			buildConfigurations = (
				263D10362D8E3435003D370E /* Debug */,
				263D10372D8E3435003D370E /* Release */,
			);
			defaultConfigurationIsVisible = 0;
			defaultConfigurationName = Release;
		};
		263D10382D8E3435003D370E /* Build configuration list for PBXNativeTarget "BarBuddy2Tests" */ = {
			isa = XCConfigurationList;
			buildConfigurations = (
				263D10392D8E3435003D370E /* Debug */,
				263D103A2D8E3435003D370E /* Release */,
			);
			defaultConfigurationIsVisible = 0;
			defaultConfigurationName = Release;
		};
		263D103B2D8E3435003D370E /* Build configuration list for PBXNativeTarget "BarBuddy2UITests" */ = {
			isa = XCConfigurationList;
			buildConfigurations = (
				263D103C2D8E3435003D370E /* Debug */,
				263D103D2D8E3435003D370E /* Release */,
			);
			defaultConfigurationIsVisible = 0;
			defaultConfigurationName = Release;
		};
/* End XCConfigurationList section */

/* Begin XCVersionGroup section */
		26F895D62DA4A1BC00FDD3B4 /* BarBuddy2.xcdatamodeld */ = {
			isa = XCVersionGroup;
			children = (
				26F895D72DA4A1BC00FDD3B4 /* BarBuddy2.xcdatamodel */,
			);
			currentVersion = 26F895D72DA4A1BC00FDD3B4 /* BarBuddy2.xcdatamodel */;
			path = BarBuddy2.xcdatamodeld;
			sourceTree = "<group>";
			versionGroupType = wrapper.xcdatamodel;
		};
/* End XCVersionGroup section */
	};
	rootObject = 263D10092D8E3433003D370E /* Project object */;
}
